// !$*UTF8*$!
{
	archiveVersion = 1;
	classes = {
	};
	objectVersion = 46;
	objects = {

/* Begin PBXBuildFile section */
		6301ADBF1DC895CA006A1E7E /* AppDelegate.swift in Sources */ = {isa = PBXBuildFile; fileRef = 6301ADBE1DC895CA006A1E7E /* AppDelegate.swift */; };
		6301ADC11DC895CA006A1E7E /* ViewController.swift in Sources */ = {isa = PBXBuildFile; fileRef = 6301ADC01DC895CA006A1E7E /* ViewController.swift */; };
		6301ADC41DC895CA006A1E7E /* Main.storyboard in Resources */ = {isa = PBXBuildFile; fileRef = 6301ADC21DC895CA006A1E7E /* Main.storyboard */; };
		6301ADC61DC895CA006A1E7E /* Assets.xcassets in Resources */ = {isa = PBXBuildFile; fileRef = 6301ADC51DC895CA006A1E7E /* Assets.xcassets */; };
		6301ADC91DC895CA006A1E7E /* LaunchScreen.storyboard in Resources */ = {isa = PBXBuildFile; fileRef = 6301ADC71DC895CA006A1E7E /* LaunchScreen.storyboard */; };
/* End PBXBuildFile section */

/* Begin PBXFileReference section */
		6301ADBB1DC895CA006A1E7E /* Application.app */ = {isa = PBXFileReference; explicitFileType = wrapper.application; includeInIndex = 0; path = Application.app; sourceTree = BUILT_PRODUCTS_DIR; };
		6301ADBE1DC895CA006A1E7E /* AppDelegate.swift */ = {isa = PBXFileReference; lastKnownFileType = sourcecode.swift; path = AppDelegate.swift; sourceTree = "<group>"; };
		6301ADC01DC895CA006A1E7E /* ViewController.swift */ = {isa = PBXFileReference; lastKnownFileType = sourcecode.swift; path = ViewController.swift; sourceTree = "<group>"; };
		6301ADC31DC895CA006A1E7E /* Base */ = {isa = PBXFileReference; lastKnownFileType = file.storyboard; name = Base; path = Base.lproj/Main.storyboard; sourceTree = "<group>"; };
		6301ADC51DC895CA006A1E7E /* Assets.xcassets */ = {isa = PBXFileReference; lastKnownFileType = folder.assetcatalog; path = Assets.xcassets; sourceTree = "<group>"; };
		6301ADC81DC895CA006A1E7E /* Base */ = {isa = PBXFileReference; lastKnownFileType = file.storyboard; name = Base; path = Base.lproj/LaunchScreen.storyboard; sourceTree = "<group>"; };
		6301ADCA1DC895CA006A1E7E /* Info.plist */ = {isa = PBXFileReference; lastKnownFileType = text.plist.xml; path = Info.plist; sourceTree = "<group>"; };
		6301ADD21DC89627006A1E7E /* Debug.xcconfig */ = {isa = PBXFileReference; lastKnownFileType = text.xcconfig; path = Debug.xcconfig; sourceTree = "<group>"; };
		6301ADD51DC89627006A1E7E /* iOS Application.xcconfig */ = {isa = PBXFileReference; lastKnownFileType = text.xcconfig; path = "iOS Application.xcconfig"; sourceTree = "<group>"; };
		6301ADD61DC89627006A1E7E /* iOS Bundle.xcconfig */ = {isa = PBXFileReference; lastKnownFileType = text.xcconfig; path = "iOS Bundle.xcconfig"; sourceTree = "<group>"; };
		6301ADD71DC89627006A1E7E /* iOS Extension.xcconfig */ = {isa = PBXFileReference; lastKnownFileType = text.xcconfig; path = "iOS Extension.xcconfig"; sourceTree = "<group>"; };
		6301ADD81DC89627006A1E7E /* iOS Framework.xcconfig */ = {isa = PBXFileReference; lastKnownFileType = text.xcconfig; path = "iOS Framework.xcconfig"; sourceTree = "<group>"; };
		6301ADD91DC89627006A1E7E /* iOS Static Library.xcconfig */ = {isa = PBXFileReference; lastKnownFileType = text.xcconfig; path = "iOS Static Library.xcconfig"; sourceTree = "<group>"; };
		6301ADDA1DC89627006A1E7E /* iOS Tests.xcconfig */ = {isa = PBXFileReference; lastKnownFileType = text.xcconfig; path = "iOS Tests.xcconfig"; sourceTree = "<group>"; };
		6301ADDB1DC89627006A1E7E /* iOS UI Tests.xcconfig */ = {isa = PBXFileReference; lastKnownFileType = text.xcconfig; path = "iOS UI Tests.xcconfig"; sourceTree = "<group>"; };
		6301ADDC1DC89627006A1E7E /* iOS.xcconfig */ = {isa = PBXFileReference; lastKnownFileType = text.xcconfig; path = iOS.xcconfig; sourceTree = "<group>"; };
		6301ADDE1DC89627006A1E7E /* macOS Application.xcconfig */ = {isa = PBXFileReference; lastKnownFileType = text.xcconfig; path = "macOS Application.xcconfig"; sourceTree = "<group>"; };
		6301ADDF1DC89627006A1E7E /* macOS Extension.xcconfig */ = {isa = PBXFileReference; lastKnownFileType = text.xcconfig; path = "macOS Extension.xcconfig"; sourceTree = "<group>"; };
		6301ADE01DC89627006A1E7E /* macOS Framework.xcconfig */ = {isa = PBXFileReference; lastKnownFileType = text.xcconfig; path = "macOS Framework.xcconfig"; sourceTree = "<group>"; };
		6301ADE11DC89627006A1E7E /* macOS Tests.xcconfig */ = {isa = PBXFileReference; lastKnownFileType = text.xcconfig; path = "macOS Tests.xcconfig"; sourceTree = "<group>"; };
		6301ADE21DC89627006A1E7E /* macOS UI Tests.xcconfig */ = {isa = PBXFileReference; lastKnownFileType = text.xcconfig; path = "macOS UI Tests.xcconfig"; sourceTree = "<group>"; };
		6301ADE31DC89627006A1E7E /* macOS.xcconfig */ = {isa = PBXFileReference; lastKnownFileType = text.xcconfig; path = macOS.xcconfig; sourceTree = "<group>"; };
		6301ADE41DC89627006A1E7E /* Release.xcconfig */ = {isa = PBXFileReference; lastKnownFileType = text.xcconfig; path = Release.xcconfig; sourceTree = "<group>"; };
		6301ADE61DC89627006A1E7E /* Shared Application.xcconfig */ = {isa = PBXFileReference; lastKnownFileType = text.xcconfig; path = "Shared Application.xcconfig"; sourceTree = "<group>"; };
		6301ADE71DC89627006A1E7E /* Shared Extension.xcconfig */ = {isa = PBXFileReference; lastKnownFileType = text.xcconfig; path = "Shared Extension.xcconfig"; sourceTree = "<group>"; };
		6301ADE81DC89627006A1E7E /* Shared Framework.xcconfig */ = {isa = PBXFileReference; lastKnownFileType = text.xcconfig; path = "Shared Framework.xcconfig"; sourceTree = "<group>"; };
		6301ADE91DC89627006A1E7E /* Shared Tests.xcconfig */ = {isa = PBXFileReference; lastKnownFileType = text.xcconfig; path = "Shared Tests.xcconfig"; sourceTree = "<group>"; };
		6301ADEA1DC89627006A1E7E /* Shared UI Tests.xcconfig */ = {isa = PBXFileReference; lastKnownFileType = text.xcconfig; path = "Shared UI Tests.xcconfig"; sourceTree = "<group>"; };
		6301ADEB1DC89627006A1E7E /* Shared.xcconfig */ = {isa = PBXFileReference; lastKnownFileType = text.xcconfig; path = Shared.xcconfig; sourceTree = "<group>"; };
		6301ADED1DC89627006A1E7E /* tvOS Application.xcconfig */ = {isa = PBXFileReference; lastKnownFileType = text.xcconfig; path = "tvOS Application.xcconfig"; sourceTree = "<group>"; };
		6301ADEE1DC89627006A1E7E /* tvOS Extension.xcconfig */ = {isa = PBXFileReference; lastKnownFileType = text.xcconfig; path = "tvOS Extension.xcconfig"; sourceTree = "<group>"; };
		6301ADEF1DC89627006A1E7E /* tvOS Framework.xcconfig */ = {isa = PBXFileReference; lastKnownFileType = text.xcconfig; path = "tvOS Framework.xcconfig"; sourceTree = "<group>"; };
		6301ADF01DC89627006A1E7E /* tvOS Tests.xcconfig */ = {isa = PBXFileReference; lastKnownFileType = text.xcconfig; path = "tvOS Tests.xcconfig"; sourceTree = "<group>"; };
		6301ADF11DC89627006A1E7E /* tvOS UI Tests.xcconfig */ = {isa = PBXFileReference; lastKnownFileType = text.xcconfig; path = "tvOS UI Tests.xcconfig"; sourceTree = "<group>"; };
		6301ADF21DC89627006A1E7E /* tvOS.xcconfig */ = {isa = PBXFileReference; lastKnownFileType = text.xcconfig; path = tvOS.xcconfig; sourceTree = "<group>"; };
		6301ADF41DC89627006A1E7E /* watchOS Application.xcconfig */ = {isa = PBXFileReference; lastKnownFileType = text.xcconfig; path = "watchOS Application.xcconfig"; sourceTree = "<group>"; };
		6301ADF51DC89627006A1E7E /* watchOS Extension.xcconfig */ = {isa = PBXFileReference; lastKnownFileType = text.xcconfig; path = "watchOS Extension.xcconfig"; sourceTree = "<group>"; };
		6301ADF61DC89627006A1E7E /* watchOS Framework.xcconfig */ = {isa = PBXFileReference; lastKnownFileType = text.xcconfig; path = "watchOS Framework.xcconfig"; sourceTree = "<group>"; };
		6301ADF71DC89627006A1E7E /* watchOS.xcconfig */ = {isa = PBXFileReference; lastKnownFileType = text.xcconfig; path = watchOS.xcconfig; sourceTree = "<group>"; };
/* End PBXFileReference section */

/* Begin PBXFrameworksBuildPhase section */
		6301ADB81DC895CA006A1E7E /* Frameworks */ = {
			isa = PBXFrameworksBuildPhase;
			buildActionMask = 2147483647;
			files = (
			);
			runOnlyForDeploymentPostprocessing = 0;
		};
/* End PBXFrameworksBuildPhase section */

/* Begin PBXGroup section */
		6301ADB21DC895CA006A1E7E = {
			isa = PBXGroup;
			children = (
				6301ADBD1DC895CA006A1E7E /* Application */,
				6301ADD01DC89627006A1E7E /* Configurations */,
				6301ADBC1DC895CA006A1E7E /* Products */,
			);
			sourceTree = "<group>";
		};
		6301ADBC1DC895CA006A1E7E /* Products */ = {
			isa = PBXGroup;
			children = (
				6301ADBB1DC895CA006A1E7E /* Application.app */,
			);
			name = Products;
			sourceTree = "<group>";
		};
		6301ADBD1DC895CA006A1E7E /* Application */ = {
			isa = PBXGroup;
			children = (
				6301ADBE1DC895CA006A1E7E /* AppDelegate.swift */,
				6301ADC01DC895CA006A1E7E /* ViewController.swift */,
				6301ADC21DC895CA006A1E7E /* Main.storyboard */,
				6301ADC51DC895CA006A1E7E /* Assets.xcassets */,
				6301ADC71DC895CA006A1E7E /* LaunchScreen.storyboard */,
				6301ADCA1DC895CA006A1E7E /* Info.plist */,
			);
			path = Application;
			sourceTree = "<group>";
		};
		6301ADD01DC89627006A1E7E /* Configurations */ = {
			isa = PBXGroup;
			children = (
				6301ADD21DC89627006A1E7E /* Debug.xcconfig */,
				6301ADE41DC89627006A1E7E /* Release.xcconfig */,
				6301ADD41DC89627006A1E7E /* iOS */,
				6301ADDD1DC89627006A1E7E /* macOS */,
				6301ADE51DC89627006A1E7E /* Shared */,
				6301ADEC1DC89627006A1E7E /* tvOS */,
				6301ADF31DC89627006A1E7E /* watchOS */,
			);
			path = Configurations;
			sourceTree = "<group>";
		};
		6301ADD41DC89627006A1E7E /* iOS */ = {
			isa = PBXGroup;
			children = (
				6301ADD51DC89627006A1E7E /* iOS Application.xcconfig */,
				6301ADD61DC89627006A1E7E /* iOS Bundle.xcconfig */,
				6301ADD71DC89627006A1E7E /* iOS Extension.xcconfig */,
				6301ADD81DC89627006A1E7E /* iOS Framework.xcconfig */,
				6301ADD91DC89627006A1E7E /* iOS Static Library.xcconfig */,
				6301ADDA1DC89627006A1E7E /* iOS Tests.xcconfig */,
				6301ADDB1DC89627006A1E7E /* iOS UI Tests.xcconfig */,
				6301ADDC1DC89627006A1E7E /* iOS.xcconfig */,
			);
			path = iOS;
			sourceTree = "<group>";
		};
		6301ADDD1DC89627006A1E7E /* macOS */ = {
			isa = PBXGroup;
			children = (
				6301ADDE1DC89627006A1E7E /* macOS Application.xcconfig */,
				6301ADDF1DC89627006A1E7E /* macOS Extension.xcconfig */,
				6301ADE01DC89627006A1E7E /* macOS Framework.xcconfig */,
				6301ADE11DC89627006A1E7E /* macOS Tests.xcconfig */,
				6301ADE21DC89627006A1E7E /* macOS UI Tests.xcconfig */,
				6301ADE31DC89627006A1E7E /* macOS.xcconfig */,
			);
			path = macOS;
			sourceTree = "<group>";
		};
		6301ADE51DC89627006A1E7E /* Shared */ = {
			isa = PBXGroup;
			children = (
				6301ADE61DC89627006A1E7E /* Shared Application.xcconfig */,
				6301ADE71DC89627006A1E7E /* Shared Extension.xcconfig */,
				6301ADE81DC89627006A1E7E /* Shared Framework.xcconfig */,
				6301ADE91DC89627006A1E7E /* Shared Tests.xcconfig */,
				6301ADEA1DC89627006A1E7E /* Shared UI Tests.xcconfig */,
				6301ADEB1DC89627006A1E7E /* Shared.xcconfig */,
			);
			path = Shared;
			sourceTree = "<group>";
		};
		6301ADEC1DC89627006A1E7E /* tvOS */ = {
			isa = PBXGroup;
			children = (
				6301ADED1DC89627006A1E7E /* tvOS Application.xcconfig */,
				6301ADEE1DC89627006A1E7E /* tvOS Extension.xcconfig */,
				6301ADEF1DC89627006A1E7E /* tvOS Framework.xcconfig */,
				6301ADF01DC89627006A1E7E /* tvOS Tests.xcconfig */,
				6301ADF11DC89627006A1E7E /* tvOS UI Tests.xcconfig */,
				6301ADF21DC89627006A1E7E /* tvOS.xcconfig */,
			);
			path = tvOS;
			sourceTree = "<group>";
		};
		6301ADF31DC89627006A1E7E /* watchOS */ = {
			isa = PBXGroup;
			children = (
				6301ADF41DC89627006A1E7E /* watchOS Application.xcconfig */,
				6301ADF51DC89627006A1E7E /* watchOS Extension.xcconfig */,
				6301ADF61DC89627006A1E7E /* watchOS Framework.xcconfig */,
				6301ADF71DC89627006A1E7E /* watchOS.xcconfig */,
			);
			path = watchOS;
			sourceTree = "<group>";
		};
/* End PBXGroup section */

/* Begin PBXNativeTarget section */
		6301ADBA1DC895CA006A1E7E /* Application */ = {
			isa = PBXNativeTarget;
			buildConfigurationList = 6301ADCD1DC895CA006A1E7E /* Build configuration list for PBXNativeTarget "Application" */;
			buildPhases = (
				6301ADB71DC895CA006A1E7E /* Sources */,
				6301ADB81DC895CA006A1E7E /* Frameworks */,
				6301ADB91DC895CA006A1E7E /* Resources */,
			);
			buildRules = (
			);
			dependencies = (
			);
			name = Application;
			productName = Application;
			productReference = 6301ADBB1DC895CA006A1E7E /* Application.app */;
			productType = "com.apple.product-type.application";
		};
/* End PBXNativeTarget section */

/* Begin PBXProject section */
		6301ADB31DC895CA006A1E7E /* Project object */ = {
			isa = PBXProject;
			attributes = {
				LastSwiftUpdateCheck = 0810;
				LastUpgradeCheck = 0810;
				ORGANIZATIONNAME = "Daniel Tull";
				TargetAttributes = {
					6301ADBA1DC895CA006A1E7E = {
						CreatedOnToolsVersion = 8.1;
						ProvisioningStyle = Automatic;
					};
				};
			};
			buildConfigurationList = 6301ADB61DC895CA006A1E7E /* Build configuration list for PBXProject "Application" */;
			compatibilityVersion = "Xcode 3.2";
			developmentRegion = English;
			hasScannedForEncodings = 0;
			knownRegions = (
				en,
				Base,
			);
			mainGroup = 6301ADB21DC895CA006A1E7E;
			productRefGroup = 6301ADBC1DC895CA006A1E7E /* Products */;
			projectDirPath = "";
			projectRoot = "";
			targets = (
				6301ADBA1DC895CA006A1E7E /* Application */,
			);
		};
/* End PBXProject section */

/* Begin PBXResourcesBuildPhase section */
		6301ADB91DC895CA006A1E7E /* Resources */ = {
			isa = PBXResourcesBuildPhase;
			buildActionMask = 2147483647;
			files = (
				6301ADC91DC895CA006A1E7E /* LaunchScreen.storyboard in Resources */,
				6301ADC61DC895CA006A1E7E /* Assets.xcassets in Resources */,
				6301ADC41DC895CA006A1E7E /* Main.storyboard in Resources */,
			);
			runOnlyForDeploymentPostprocessing = 0;
		};
/* End PBXResourcesBuildPhase section */

/* Begin PBXSourcesBuildPhase section */
		6301ADB71DC895CA006A1E7E /* Sources */ = {
			isa = PBXSourcesBuildPhase;
			buildActionMask = 2147483647;
			files = (
				6301ADC11DC895CA006A1E7E /* ViewController.swift in Sources */,
				6301ADBF1DC895CA006A1E7E /* AppDelegate.swift in Sources */,
			);
			runOnlyForDeploymentPostprocessing = 0;
		};
/* End PBXSourcesBuildPhase section */

/* Begin PBXVariantGroup section */
		6301ADC21DC895CA006A1E7E /* Main.storyboard */ = {
			isa = PBXVariantGroup;
			children = (
				6301ADC31DC895CA006A1E7E /* Base */,
			);
			name = Main.storyboard;
			sourceTree = "<group>";
		};
		6301ADC71DC895CA006A1E7E /* LaunchScreen.storyboard */ = {
			isa = PBXVariantGroup;
			children = (
				6301ADC81DC895CA006A1E7E /* Base */,
			);
			name = LaunchScreen.storyboard;
			sourceTree = "<group>";
		};
/* End PBXVariantGroup section */

/* Begin XCBuildConfiguration section */
		6301ADCB1DC895CA006A1E7E /* Debug */ = {
			isa = XCBuildConfiguration;
			baseConfigurationReference = 6301ADD21DC89627006A1E7E /* Debug.xcconfig */;
			buildSettings = {
				PRODUCT_BUNDLE_IDENTIFIER = "uk.co.danieltull.$(PRODUCT_NAME:rfc1034identifier)";
				SWIFT_VERSION = 3.0;
			};
			name = Debug;
		};
		6301ADCC1DC895CA006A1E7E /* Release */ = {
			isa = XCBuildConfiguration;
			baseConfigurationReference = 6301ADE41DC89627006A1E7E /* Release.xcconfig */;
			buildSettings = {
				PRODUCT_BUNDLE_IDENTIFIER = "uk.co.danieltull.$(PRODUCT_NAME:rfc1034identifier)";
				SWIFT_VERSION = 3.0;
			};
			name = Release;
		};
		6301ADCE1DC895CA006A1E7E /* Debug */ = {
			isa = XCBuildConfiguration;
			baseConfigurationReference = 6301ADD51DC89627006A1E7E /* iOS Application.xcconfig */;
			buildSettings = {
			};
			name = Debug;
		};
		6301ADCF1DC895CA006A1E7E /* Release */ = {
			isa = XCBuildConfiguration;
			baseConfigurationReference = 6301ADD51DC89627006A1E7E /* iOS Application.xcconfig */;
			buildSettings = {
			};
			name = Release;
		};
/* End XCBuildConfiguration section */

/* Begin XCConfigurationList section */
		6301ADB61DC895CA006A1E7E /* Build configuration list for PBXProject "Application" */ = {
			isa = XCConfigurationList;
			buildConfigurations = (
				6301ADCB1DC895CA006A1E7E /* Debug */,
				6301ADCC1DC895CA006A1E7E /* Release */,
			);
			defaultConfigurationIsVisible = 0;
			defaultConfigurationName = Release;
		};
		6301ADCD1DC895CA006A1E7E /* Build configuration list for PBXNativeTarget "Application" */ = {
			isa = XCConfigurationList;
			buildConfigurations = (
				6301ADCE1DC895CA006A1E7E /* Debug */,
				6301ADCF1DC895CA006A1E7E /* Release */,
			);
			defaultConfigurationIsVisible = 0;
			defaultConfigurationName = Release;
		};
/* End XCConfigurationList section */
	};
	rootObject = 6301ADB31DC895CA006A1E7E /* Project object */;
}
